
Microsoft Visual Studio Solution File, Format Version 12.00
# Visual Studio 15
Project("{FAE04EC0-301F-11D3-BF4B-00C04F79EFBC}") = "Assembly-CSharp", "Assembly-CSharp.csproj", "{A9BB21C9-261D-9407-8328-C8C527CC159B}"
EndProject
Project("{FAE04EC0-301F-11D3-BF4B-00C04F79EFBC}") = "NetSockets", "NetSockets.csproj", "{1064FAB6-C7A4-2CCB-DAC5-D8612CF23BE7}"
EndProject
Project("{FAE04EC0-301F-11D3-BF4B-00C04F79EFBC}") = "Assembly-CSharp-Editor", "Assembly-CSharp-Editor.csproj", "{FB39FB5C-4B90-1465-4094-097932B587A6}"
EndProject
Global
	GlobalSection(SolutionConfigurationPlatforms) = preSolution
		Debug|Any CPU = Debug|Any CPU
		Release|Any CPU = Release|Any CPU
	EndGlobalSection
	GlobalSection(ProjectConfigurationPlatforms) = postSolution
		{A9BB21C9-261D-9407-8328-C8C527CC159B}.Debug|Any CPU.ActiveCfg = Debug|Any CPU
		{A9BB21C9-261D-9407-8328-C8C527CC159B}.Debug|Any CPU.Build.0 = Debug|Any CPU
		{A9BB21C9-261D-9407-8328-C8C527CC159B}.Release|Any CPU.ActiveCfg = Release|Any CPU
		{A9BB21C9-261D-9407-8328-C8C527CC159B}.Release|Any CPU.Build.0 = Release|Any CPU
		{1064FAB6-C7A4-2CCB-DAC5-D8612CF23BE7}.Debug|Any CPU.ActiveCfg = Debug|Any CPU
		{1064FAB6-C7A4-2CCB-DAC5-D8612CF23BE7}.Debug|Any CPU.Build.0 = Debug|Any CPU
		{1064FAB6-C7A4-2CCB-DAC5-D8612CF23BE7}.Release|Any CPU.ActiveCfg = Release|Any CPU
		{1064FAB6-C7A4-2CCB-DAC5-D8612CF23BE7}.Release|Any CPU.Build.0 = Release|Any CPU
		{FB39FB5C-4B90-1465-4094-097932B587A6}.Debug|Any CPU.ActiveCfg = Debug|Any CPU
		{FB39FB5C-4B90-1465-4094-097932B587A6}.Debug|Any CPU.Build.0 = Debug|Any CPU
		{FB39FB5C-4B90-1465-4094-097932B587A6}.Release|Any CPU.ActiveCfg = Release|Any CPU
		{FB39FB5C-4B90-1465-4094-097932B587A6}.Release|Any CPU.Build.0 = Release|Any CPU
	EndGlobalSection
	GlobalSection(SolutionProperties) = preSolution
		HideSolutionNode = FALSE
	EndGlobalSection
EndGlobal
